
Microsoft Visual Studio Solution File, Format Version 12.00
# Visual Studio Version 16
VisualStudioVersion = 16.0.31402.337
MinimumVisualStudioVersion = 10.0.40219.1
Project("{FAE04EC0-301F-11D3-BF4B-00C04F79EFBC}") = "ApiCatalogoJogos", "ApiCatalogoJogos\ApiCatalogoJogos.csproj", "{C85069D9-4A10-4778-BFCC-FABBA6A1F025}"
EndProject
Global
	GlobalSection(SolutionConfigurationPlatforms) = preSolution
		Debug|Any CPU = Debug|Any CPU
		Release|Any CPU = Release|Any CPU
	EndGlobalSection
	GlobalSection(ProjectConfigurationPlatforms) = postSolution
		{C85069D9-4A10-4778-BFCC-FABBA6A1F025}.Debug|Any CPU.ActiveCfg = Debug|Any CPU
		{C85069D9-4A10-4778-BFCC-FABBA6A1F025}.Debug|Any CPU.Build.0 = Debug|Any CPU
		{C85069D9-4A10-4778-BFCC-FABBA6A1F025}.Release|Any CPU.ActiveCfg = Release|Any CPU
		{C85069D9-4A10-4778-BFCC-FABBA6A1F025}.Release|Any CPU.Build.0 = Release|Any CPU
	EndGlobalSection
	GlobalSection(SolutionProperties) = preSolution
		HideSolutionNode = FALSE
	EndGlobalSection
	GlobalSection(ExtensibilityGlobals) = postSolution
		SolutionGuid = {89EA0FB8-9340-414C-A5F9-B42EEF2A655F}
	EndGlobalSection
EndGlobal
